
Microsoft Visual Studio Solution File, Format Version 12.00
# Visual Studio Version 17
VisualStudioVersion = 17.5.33502.453
MinimumVisualStudioVersion = 10.0.40219.1
Project("{FAE04EC0-301F-11D3-BF4B-00C04F79EFBC}") = "MaterApp", "MaterApp\MaterApp.csproj", "{8F5748A5-D11B-45B1-B0C8-03E36553B943}"
EndProject
Global
	GlobalSection(SolutionConfigurationPlatforms) = preSolution
		Debug|Any CPU = Debug|Any CPU
		Release|Any CPU = Release|Any CPU
	EndGlobalSection
	GlobalSection(ProjectConfigurationPlatforms) = postSolution
		{8F5748A5-D11B-45B1-B0C8-03E36553B943}.Debug|Any CPU.ActiveCfg = Debug|Any CPU
		{8F5748A5-D11B-45B1-B0C8-03E36553B943}.Debug|Any CPU.Build.0 = Debug|Any CPU
		{8F5748A5-D11B-45B1-B0C8-03E36553B943}.Release|Any CPU.ActiveCfg = Release|Any CPU
		{8F5748A5-D11B-45B1-B0C8-03E36553B943}.Release|Any CPU.Build.0 = Release|Any CPU
	EndGlobalSection
	GlobalSection(SolutionProperties) = preSolution
		HideSolutionNode = FALSE
	EndGlobalSection
	GlobalSection(ExtensibilityGlobals) = postSolution
		SolutionGuid = {F4B12B08-99C9-473A-B234-C294C17A5736}
	EndGlobalSection
EndGlobal
